
Microsoft Visual Studio Solution File, Format Version 12.00
# Visual Studio Version 17
VisualStudioVersion = 17.9.34723.18
MinimumVisualStudioVersion = 10.0.40219.1
Project("{FAE04EC0-301F-11D3-BF4B-00C04F79EFBC}") = "ResumeApp", "ResumeApp\ResumeApp.csproj", "{E97DA5F1-F642-462B-8469-2A97E91A8F42}"
EndProject
Global
	GlobalSection(SolutionConfigurationPlatforms) = preSolution
		Debug|Any CPU = Debug|Any CPU
		Release|Any CPU = Release|Any CPU
	EndGlobalSection
	GlobalSection(ProjectConfigurationPlatforms) = postSolution
		{E97DA5F1-F642-462B-8469-2A97E91A8F42}.Debug|Any CPU.ActiveCfg = Debug|Any CPU
		{E97DA5F1-F642-462B-8469-2A97E91A8F42}.Debug|Any CPU.Build.0 = Debug|Any CPU
		{E97DA5F1-F642-462B-8469-2A97E91A8F42}.Debug|Any CPU.Deploy.0 = Debug|Any CPU
		{E97DA5F1-F642-462B-8469-2A97E91A8F42}.Release|Any CPU.ActiveCfg = Release|Any CPU
		{E97DA5F1-F642-462B-8469-2A97E91A8F42}.Release|Any CPU.Build.0 = Release|Any CPU
		{E97DA5F1-F642-462B-8469-2A97E91A8F42}.Release|Any CPU.Deploy.0 = Release|Any CPU
	EndGlobalSection
	GlobalSection(SolutionProperties) = preSolution
		HideSolutionNode = FALSE
	EndGlobalSection
	GlobalSection(ExtensibilityGlobals) = postSolution
		SolutionGuid = {E312FD80-917D-4036-BF37-B52372F7B4D9}
	EndGlobalSection
EndGlobal
